
Microsoft Visual Studio Solution File, Format Version 12.00
# Visual Studio Version 16
VisualStudioVersion = 16.0.31624.102
MinimumVisualStudioVersion = 10.0.40219.1
Project("{FAE04EC0-301F-11D3-BF4B-00C04F79EFBC}") = "WpfDataContextPropertyDemo", "WpfDataContextPropertyDemo\WpfDataContextPropertyDemo.csproj", "{72628BDE-3355-4489-8492-31ECC71F9CFE}"
EndProject
Global
	GlobalSection(SolutionConfigurationPlatforms) = preSolution
		Debug|Any CPU = Debug|Any CPU
		Release|Any CPU = Release|Any CPU
	EndGlobalSection
	GlobalSection(ProjectConfigurationPlatforms) = postSolution
		{72628BDE-3355-4489-8492-31ECC71F9CFE}.Debug|Any CPU.ActiveCfg = Debug|Any CPU
		{72628BDE-3355-4489-8492-31ECC71F9CFE}.Debug|Any CPU.Build.0 = Debug|Any CPU
		{72628BDE-3355-4489-8492-31ECC71F9CFE}.Release|Any CPU.ActiveCfg = Release|Any CPU
		{72628BDE-3355-4489-8492-31ECC71F9CFE}.Release|Any CPU.Build.0 = Release|Any CPU
	EndGlobalSection
	GlobalSection(SolutionProperties) = preSolution
		HideSolutionNode = FALSE
	EndGlobalSection
	GlobalSection(ExtensibilityGlobals) = postSolution
		SolutionGuid = {4885C25E-247D-489E-A9E1-A4C13663BB34}
	EndGlobalSection
EndGlobal
